
Microsoft Visual Studio Solution File, Format Version 12.00
# Visual Studio Version 16
VisualStudioVersion = 16.0.30204.135
MinimumVisualStudioVersion = 10.0.40219.1
Project("{FAE04EC0-301F-11D3-BF4B-00C04F79EFBC}") = "Piedra Papel o tijetas", "Piedra Papel o tijetas\Piedra Papel o tijetas.csproj", "{877F5DDD-180F-4E43-A9C6-053CD19D753C}"
EndProject
Global
	GlobalSection(SolutionConfigurationPlatforms) = preSolution
		Debug|Any CPU = Debug|Any CPU
		Release|Any CPU = Release|Any CPU
	EndGlobalSection
	GlobalSection(ProjectConfigurationPlatforms) = postSolution
		{877F5DDD-180F-4E43-A9C6-053CD19D753C}.Debug|Any CPU.ActiveCfg = Debug|Any CPU
		{877F5DDD-180F-4E43-A9C6-053CD19D753C}.Debug|Any CPU.Build.0 = Debug|Any CPU
		{877F5DDD-180F-4E43-A9C6-053CD19D753C}.Release|Any CPU.ActiveCfg = Release|Any CPU
		{877F5DDD-180F-4E43-A9C6-053CD19D753C}.Release|Any CPU.Build.0 = Release|Any CPU
	EndGlobalSection
	GlobalSection(SolutionProperties) = preSolution
		HideSolutionNode = FALSE
	EndGlobalSection
	GlobalSection(ExtensibilityGlobals) = postSolution
		SolutionGuid = {4BFCE0E1-2413-42E9-AEF8-3F73FB9FD700}
	EndGlobalSection
EndGlobal
